
Microsoft Visual Studio Solution File, Format Version 12.00
# Visual Studio Version 17
VisualStudioVersion = 17.4.33110.190
MinimumVisualStudioVersion = 10.0.40219.1
Project("{888888A0-9F3D-457C-B088-3A5042F75D52}") = "Mysite", "Mysite\Mysite.pyproj", "{F10048B9-E035-48B6-BBA2-E43CF88A85B0}"
EndProject
Global
	GlobalSection(SolutionConfigurationPlatforms) = preSolution
		Debug|Any CPU = Debug|Any CPU
		Release|Any CPU = Release|Any CPU
	EndGlobalSection
	GlobalSection(ProjectConfigurationPlatforms) = postSolution
		{F10048B9-E035-48B6-BBA2-E43CF88A85B0}.Debug|Any CPU.ActiveCfg = Debug|Any CPU
		{F10048B9-E035-48B6-BBA2-E43CF88A85B0}.Debug|Any CPU.Build.0 = Debug|Any CPU
		{F10048B9-E035-48B6-BBA2-E43CF88A85B0}.Release|Any CPU.ActiveCfg = Release|Any CPU
		{F10048B9-E035-48B6-BBA2-E43CF88A85B0}.Release|Any CPU.Build.0 = Release|Any CPU
	EndGlobalSection
	GlobalSection(SolutionProperties) = preSolution
		HideSolutionNode = FALSE
	EndGlobalSection
	GlobalSection(ExtensibilityGlobals) = postSolution
		SolutionGuid = {6BC1AA3F-988C-43F9-8EC5-CA1E6AB0DB82}
	EndGlobalSection
EndGlobal
