
Microsoft Visual Studio Solution File, Format Version 12.00
# Visual Studio Version 17
VisualStudioVersion = 17.4.33110.190
MinimumVisualStudioVersion = 10.0.40219.1
Project("{888888A0-9F3D-457C-B088-3A5042F75D52}") = "DjangoWebProject1", "DjangoWebProject1\DjangoWebProject1.pyproj", "{31D5F16D-8667-4C9A-91A9-5C3C13B40E70}"
EndProject
Global
	GlobalSection(SolutionConfigurationPlatforms) = preSolution
		Debug|Any CPU = Debug|Any CPU
		Release|Any CPU = Release|Any CPU
	EndGlobalSection
	GlobalSection(ProjectConfigurationPlatforms) = postSolution
		{31D5F16D-8667-4C9A-91A9-5C3C13B40E70}.Debug|Any CPU.ActiveCfg = Debug|Any CPU
		{31D5F16D-8667-4C9A-91A9-5C3C13B40E70}.Debug|Any CPU.Build.0 = Debug|Any CPU
		{31D5F16D-8667-4C9A-91A9-5C3C13B40E70}.Release|Any CPU.ActiveCfg = Release|Any CPU
		{31D5F16D-8667-4C9A-91A9-5C3C13B40E70}.Release|Any CPU.Build.0 = Release|Any CPU
	EndGlobalSection
	GlobalSection(SolutionProperties) = preSolution
		HideSolutionNode = FALSE
	EndGlobalSection
	GlobalSection(ExtensibilityGlobals) = postSolution
		SolutionGuid = {7CD327D2-59F7-4249-915E-0DC9F2A3D6A7}
	EndGlobalSection
EndGlobal
